// !$*UTF8*$!
{
	archiveVersion = 1;
	classes = {
	};
	objectVersion = 46;
	objects = {

/* Begin PBXBuildFile section */
		F0B32DF91BDF23F600DDC20F /* AppDelegate.swift in Sources */ = {isa = PBXBuildFile; fileRef = F0B32DF81BDF23F600DDC20F /* AppDelegate.swift */; };
		F0B32DFB1BDF23F600DDC20F /* ViewController.swift in Sources */ = {isa = PBXBuildFile; fileRef = F0B32DFA1BDF23F600DDC20F /* ViewController.swift */; };
		F0B32DFE1BDF23F600DDC20F /* Main.storyboard in Resources */ = {isa = PBXBuildFile; fileRef = F0B32DFC1BDF23F600DDC20F /* Main.storyboard */; };
		F0B32E001BDF23F600DDC20F /* Assets.xcassets in Resources */ = {isa = PBXBuildFile; fileRef = F0B32DFF1BDF23F600DDC20F /* Assets.xcassets */; };
		F0B32E031BDF23F600DDC20F /* LaunchScreen.storyboard in Resources */ = {isa = PBXBuildFile; fileRef = F0B32E011BDF23F600DDC20F /* LaunchScreen.storyboard */; };
		F0B32E0E1BDF23F600DDC20F /* finalProduct_hw2Tests.swift in Sources */ = {isa = PBXBuildFile; fileRef = F0B32E0D1BDF23F600DDC20F /* finalProduct_hw2Tests.swift */; };
		F0B32E191BDF23F600DDC20F /* finalProduct_hw2UITests.swift in Sources */ = {isa = PBXBuildFile; fileRef = F0B32E181BDF23F600DDC20F /* finalProduct_hw2UITests.swift */; };
		F0B32E271BDF25A400DDC20F /* viewController2.swift in Sources */ = {isa = PBXBuildFile; fileRef = F0B32E261BDF25A400DDC20F /* viewController2.swift */; };
		F0B32E291BDF25D900DDC20F /* viewController3.swift in Sources */ = {isa = PBXBuildFile; fileRef = F0B32E281BDF25D900DDC20F /* viewController3.swift */; };
/* End PBXBuildFile section */

/* Begin PBXContainerItemProxy section */
		F0B32E0A1BDF23F600DDC20F /* PBXContainerItemProxy */ = {
			isa = PBXContainerItemProxy;
			containerPortal = F0B32DED1BDF23F600DDC20F /* Project object */;
			proxyType = 1;
			remoteGlobalIDString = F0B32DF41BDF23F600DDC20F;
			remoteInfo = finalProduct_hw2;
		};
		F0B32E151BDF23F600DDC20F /* PBXContainerItemProxy */ = {
			isa = PBXContainerItemProxy;
			containerPortal = F0B32DED1BDF23F600DDC20F /* Project object */;
			proxyType = 1;
			remoteGlobalIDString = F0B32DF41BDF23F600DDC20F;
			remoteInfo = finalProduct_hw2;
		};
/* End PBXContainerItemProxy section */

/* Begin PBXFileReference section */
		F0B32DF51BDF23F600DDC20F /* finalProduct_hw2.app */ = {isa = PBXFileReference; explicitFileType = wrapper.application; includeInIndex = 0; path = finalProduct_hw2.app; sourceTree = BUILT_PRODUCTS_DIR; };
		F0B32DF81BDF23F600DDC20F /* AppDelegate.swift */ = {isa = PBXFileReference; lastKnownFileType = sourcecode.swift; path = AppDelegate.swift; sourceTree = "<group>"; };
		F0B32DFA1BDF23F600DDC20F /* ViewController.swift */ = {isa = PBXFileReference; lastKnownFileType = sourcecode.swift; path = ViewController.swift; sourceTree = "<group>"; };
		F0B32DFD1BDF23F600DDC20F /* Base */ = {isa = PBXFileReference; lastKnownFileType = file.storyboard; name = Base; path = Base.lproj/Main.storyboard; sourceTree = "<group>"; };
		F0B32DFF1BDF23F600DDC20F /* Assets.xcassets */ = {isa = PBXFileReference; lastKnownFileType = folder.assetcatalog; path = Assets.xcassets; sourceTree = "<group>"; };
		F0B32E021BDF23F600DDC20F /* Base */ = {isa = PBXFileReference; lastKnownFileType = file.storyboard; name = Base; path = Base.lproj/LaunchScreen.storyboard; sourceTree = "<group>"; };
		F0B32E041BDF23F600DDC20F /* Info.plist */ = {isa = PBXFileReference; lastKnownFileType = text.plist.xml; path = Info.plist; sourceTree = "<group>"; };
		F0B32E091BDF23F600DDC20F /* finalProduct_hw2Tests.xctest */ = {isa = PBXFileReference; explicitFileType = wrapper.cfbundle; includeInIndex = 0; path = finalProduct_hw2Tests.xctest; sourceTree = BUILT_PRODUCTS_DIR; };
		F0B32E0D1BDF23F600DDC20F /* finalProduct_hw2Tests.swift */ = {isa = PBXFileReference; lastKnownFileType = sourcecode.swift; path = finalProduct_hw2Tests.swift; sourceTree = "<group>"; };
		F0B32E0F1BDF23F600DDC20F /* Info.plist */ = {isa = PBXFileReference; lastKnownFileType = text.plist.xml; path = Info.plist; sourceTree = "<group>"; };
		F0B32E141BDF23F600DDC20F /* finalProduct_hw2UITests.xctest */ = {isa = PBXFileReference; explicitFileType = wrapper.cfbundle; includeInIndex = 0; path = finalProduct_hw2UITests.xctest; sourceTree = BUILT_PRODUCTS_DIR; };
		F0B32E181BDF23F600DDC20F /* finalProduct_hw2UITests.swift */ = {isa = PBXFileReference; lastKnownFileType = sourcecode.swift; path = finalProduct_hw2UITests.swift; sourceTree = "<group>"; };
		F0B32E1A1BDF23F600DDC20F /* Info.plist */ = {isa = PBXFileReference; lastKnownFileType = text.plist.xml; path = Info.plist; sourceTree = "<group>"; };
		F0B32E261BDF25A400DDC20F /* viewController2.swift */ = {isa = PBXFileReference; fileEncoding = 4; lastKnownFileType = sourcecode.swift; path = viewController2.swift; sourceTree = "<group>"; };
		F0B32E281BDF25D900DDC20F /* viewController3.swift */ = {isa = PBXFileReference; fileEncoding = 4; lastKnownFileType = sourcecode.swift; path = viewController3.swift; sourceTree = "<group>"; };
/* End PBXFileReference section */

/* Begin PBXFrameworksBuildPhase section */
		F0B32DF21BDF23F600DDC20F /* Frameworks */ = {
			isa = PBXFrameworksBuildPhase;
			buildActionMask = 2147483647;
			files = (
			);
			runOnlyForDeploymentPostprocessing = 0;
		};
		F0B32E061BDF23F600DDC20F /* Frameworks */ = {
			isa = PBXFrameworksBuildPhase;
			buildActionMask = 2147483647;
			files = (
			);
			runOnlyForDeploymentPostprocessing = 0;
		};
		F0B32E111BDF23F600DDC20F /* Frameworks */ = {
			isa = PBXFrameworksBuildPhase;
			buildActionMask = 2147483647;
			files = (
			);
			runOnlyForDeploymentPostprocessing = 0;
		};
/* End PBXFrameworksBuildPhase section */

/* Begin PBXGroup section */
		F0B32DEC1BDF23F600DDC20F = {
			isa = PBXGroup;
			children = (
				F0B32DF71BDF23F600DDC20F /* finalProduct_hw2 */,
				F0B32E0C1BDF23F600DDC20F /* finalProduct_hw2Tests */,
				F0B32E171BDF23F600DDC20F /* finalProduct_hw2UITests */,
				F0B32DF61BDF23F600DDC20F /* Products */,
			);
			sourceTree = "<group>";
		};
		F0B32DF61BDF23F600DDC20F /* Products */ = {
			isa = PBXGroup;
			children = (
				F0B32DF51BDF23F600DDC20F /* finalProduct_hw2.app */,
				F0B32E091BDF23F600DDC20F /* finalProduct_hw2Tests.xctest */,
				F0B32E141BDF23F600DDC20F /* finalProduct_hw2UITests.xctest */,
			);
			name = Products;
			sourceTree = "<group>";
		};
		F0B32DF71BDF23F600DDC20F /* finalProduct_hw2 */ = {
			isa = PBXGroup;
			children = (
				F0B32DF81BDF23F600DDC20F /* AppDelegate.swift */,
				F0B32DFA1BDF23F600DDC20F /* ViewController.swift */,
				F0B32E261BDF25A400DDC20F /* viewController2.swift */,
				F0B32E281BDF25D900DDC20F /* viewController3.swift */,
				F0B32DFC1BDF23F600DDC20F /* Main.storyboard */,
				F0B32DFF1BDF23F600DDC20F /* Assets.xcassets */,
				F0B32E011BDF23F600DDC20F /* LaunchScreen.storyboard */,
				F0B32E041BDF23F600DDC20F /* Info.plist */,
			);
			path = finalProduct_hw2;
			sourceTree = "<group>";
		};
		F0B32E0C1BDF23F600DDC20F /* finalProduct_hw2Tests */ = {
			isa = PBXGroup;
			children = (
				F0B32E0D1BDF23F600DDC20F /* finalProduct_hw2Tests.swift */,
				F0B32E0F1BDF23F600DDC20F /* Info.plist */,
			);
			path = finalProduct_hw2Tests;
			sourceTree = "<group>";
		};
		F0B32E171BDF23F600DDC20F /* finalProduct_hw2UITests */ = {
			isa = PBXGroup;
			children = (
				F0B32E181BDF23F600DDC20F /* finalProduct_hw2UITests.swift */,
				F0B32E1A1BDF23F600DDC20F /* Info.plist */,
			);
			path = finalProduct_hw2UITests;
			sourceTree = "<group>";
		};
/* End PBXGroup section */

/* Begin PBXNativeTarget section */
		F0B32DF41BDF23F600DDC20F /* finalProduct_hw2 */ = {
			isa = PBXNativeTarget;
			buildConfigurationList = F0B32E1D1BDF23F600DDC20F /* Build configuration list for PBXNativeTarget "finalProduct_hw2" */;
			buildPhases = (
				F0B32DF11BDF23F600DDC20F /* Sources */,
				F0B32DF21BDF23F600DDC20F /* Frameworks */,
				F0B32DF31BDF23F600DDC20F /* Resources */,
			);
			buildRules = (
			);
			dependencies = (
			);
			name = finalProduct_hw2;
			productName = finalProduct_hw2;
			productReference = F0B32DF51BDF23F600DDC20F /* finalProduct_hw2.app */;
			productType = "com.apple.product-type.application";
		};
		F0B32E081BDF23F600DDC20F /* finalProduct_hw2Tests */ = {
			isa = PBXNativeTarget;
			buildConfigurationList = F0B32E201BDF23F600DDC20F /* Build configuration list for PBXNativeTarget "finalProduct_hw2Tests" */;
			buildPhases = (
				F0B32E051BDF23F600DDC20F /* Sources */,
				F0B32E061BDF23F600DDC20F /* Frameworks */,
				F0B32E071BDF23F600DDC20F /* Resources */,
			);
			buildRules = (
			);
			dependencies = (
				F0B32E0B1BDF23F600DDC20F /* PBXTargetDependency */,
			);
			name = finalProduct_hw2Tests;
			productName = finalProduct_hw2Tests;
			productReference = F0B32E091BDF23F600DDC20F /* finalProduct_hw2Tests.xctest */;
			productType = "com.apple.product-type.bundle.unit-test";
		};
		F0B32E131BDF23F600DDC20F /* finalProduct_hw2UITests */ = {
			isa = PBXNativeTarget;
			buildConfigurationList = F0B32E231BDF23F600DDC20F /* Build configuration list for PBXNativeTarget "finalProduct_hw2UITests" */;
			buildPhases = (
				F0B32E101BDF23F600DDC20F /* Sources */,
				F0B32E111BDF23F600DDC20F /* Frameworks */,
				F0B32E121BDF23F600DDC20F /* Resources */,
			);
			buildRules = (
			);
			dependencies = (
				F0B32E161BDF23F600DDC20F /* PBXTargetDependency */,
			);
			name = finalProduct_hw2UITests;
			productName = finalProduct_hw2UITests;
			productReference = F0B32E141BDF23F600DDC20F /* finalProduct_hw2UITests.xctest */;
			productType = "com.apple.product-type.bundle.ui-testing";
		};
/* End PBXNativeTarget section */

/* Begin PBXProject section */
		F0B32DED1BDF23F600DDC20F /* Project object */ = {
			isa = PBXProject;
			attributes = {
				LastSwiftUpdateCheck = 0710;
				LastUpgradeCheck = 0710;
				ORGANIZATIONNAME = "Tommy Hart";
				TargetAttributes = {
					F0B32DF41BDF23F600DDC20F = {
						CreatedOnToolsVersion = 7.1;
					};
					F0B32E081BDF23F600DDC20F = {
						CreatedOnToolsVersion = 7.1;
						TestTargetID = F0B32DF41BDF23F600DDC20F;
					};
					F0B32E131BDF23F600DDC20F = {
						CreatedOnToolsVersion = 7.1;
						TestTargetID = F0B32DF41BDF23F600DDC20F;
					};
				};
			};
			buildConfigurationList = F0B32DF01BDF23F600DDC20F /* Build configuration list for PBXProject "finalProduct_hw2" */;
			compatibilityVersion = "Xcode 3.2";
			developmentRegion = English;
			hasScannedForEncodings = 0;
			knownRegions = (
				en,
				Base,
			);
			mainGroup = F0B32DEC1BDF23F600DDC20F;
			productRefGroup = F0B32DF61BDF23F600DDC20F /* Products */;
			projectDirPath = "";
			projectRoot = "";
			targets = (
				F0B32DF41BDF23F600DDC20F /* finalProduct_hw2 */,
				F0B32E081BDF23F600DDC20F /* finalProduct_hw2Tests */,
				F0B32E131BDF23F600DDC20F /* finalProduct_hw2UITests */,
			);
		};
/* End PBXProject section */

/* Begin PBXResourcesBuildPhase section */
		F0B32DF31BDF23F600DDC20F /* Resources */ = {
			isa = PBXResourcesBuildPhase;
			buildActionMask = 2147483647;
			files = (
				F0B32E031BDF23F600DDC20F /* LaunchScreen.storyboard in Resources */,
				F0B32E001BDF23F600DDC20F /* Assets.xcassets in Resources */,
				F0B32DFE1BDF23F600DDC20F /* Main.storyboard in Resources */,
			);
			runOnlyForDeploymentPostprocessing = 0;
		};
		F0B32E071BDF23F600DDC20F /* Resources */ = {
			isa = PBXResourcesBuildPhase;
			buildActionMask = 2147483647;
			files = (
			);
			runOnlyForDeploymentPostprocessing = 0;
		};
		F0B32E121BDF23F600DDC20F /* Resources */ = {
			isa = PBXResourcesBuildPhase;
			buildActionMask = 2147483647;
			files = (
			);
			runOnlyForDeploymentPostprocessing = 0;
		};
/* End PBXResourcesBuildPhase section */

/* Begin PBXSourcesBuildPhase section */
		F0B32DF11BDF23F600DDC20F /* Sources */ = {
			isa = PBXSourcesBuildPhase;
			buildActionMask = 2147483647;
			files = (
				F0B32DFB1BDF23F600DDC20F /* ViewController.swift in Sources */,
				F0B32DF91BDF23F600DDC20F /* AppDelegate.swift in Sources */,
				F0B32E291BDF25D900DDC20F /* viewController3.swift in Sources */,
				F0B32E271BDF25A400DDC20F /* viewController2.swift in Sources */,
			);
			runOnlyForDeploymentPostprocessing = 0;
		};
		F0B32E051BDF23F600DDC20F /* Sources */ = {
			isa = PBXSourcesBuildPhase;
			buildActionMask = 2147483647;
			files = (
				F0B32E0E1BDF23F600DDC20F /* finalProduct_hw2Tests.swift in Sources */,
			);
			runOnlyForDeploymentPostprocessing = 0;
		};
		F0B32E101BDF23F600DDC20F /* Sources */ = {
			isa = PBXSourcesBuildPhase;
			buildActionMask = 2147483647;
			files = (
				F0B32E191BDF23F600DDC20F /* finalProduct_hw2UITests.swift in Sources */,
			);
			runOnlyForDeploymentPostprocessing = 0;
		};
/* End PBXSourcesBuildPhase section */

/* Begin PBXTargetDependency section */
		F0B32E0B1BDF23F600DDC20F /* PBXTargetDependency */ = {
			isa = PBXTargetDependency;
			target = F0B32DF41BDF23F600DDC20F /* finalProduct_hw2 */;
			targetProxy = F0B32E0A1BDF23F600DDC20F /* PBXContainerItemProxy */;
		};
		F0B32E161BDF23F600DDC20F /* PBXTargetDependency */ = {
			isa = PBXTargetDependency;
			target = F0B32DF41BDF23F600DDC20F /* finalProduct_hw2 */;
			targetProxy = F0B32E151BDF23F600DDC20F /* PBXContainerItemProxy */;
		};
/* End PBXTargetDependency section */

/* Begin PBXVariantGroup section */
		F0B32DFC1BDF23F600DDC20F /* Main.storyboard */ = {
			isa = PBXVariantGroup;
			children = (
				F0B32DFD1BDF23F600DDC20F /* Base */,
			);
			name = Main.storyboard;
			sourceTree = "<group>";
		};
		F0B32E011BDF23F600DDC20F /* LaunchScreen.storyboard */ = {
			isa = PBXVariantGroup;
			children = (
				F0B32E021BDF23F600DDC20F /* Base */,
			);
			name = LaunchScreen.storyboard;
			sourceTree = "<group>";
		};
/* End PBXVariantGroup section */

/* Begin XCBuildConfiguration section */
		F0B32E1B1BDF23F600DDC20F /* Debug */ = {
			isa = XCBuildConfiguration;
			buildSettings = {
				ALWAYS_SEARCH_USER_PATHS = NO;
				CLANG_CXX_LANGUAGE_STANDARD = "gnu++0x";
				CLANG_CXX_LIBRARY = "libc++";
				CLANG_ENABLE_MODULES = YES;
				CLANG_ENABLE_OBJC_ARC = YES;
				CLANG_WARN_BOOL_CONVERSION = YES;
				CLANG_WARN_CONSTANT_CONVERSION = YES;
				CLANG_WARN_DIRECT_OBJC_ISA_USAGE = YES_ERROR;
				CLANG_WARN_EMPTY_BODY = YES;
				CLANG_WARN_ENUM_CONVERSION = YES;
				CLANG_WARN_INT_CONVERSION = YES;
				CLANG_WARN_OBJC_ROOT_CLASS = YES_ERROR;
				CLANG_WARN_UNREACHABLE_CODE = YES;
				CLANG_WARN__DUPLICATE_METHOD_MATCH = YES;
				"CODE_SIGN_IDENTITY[sdk=iphoneos*]" = "iPhone Developer";
				COPY_PHASE_STRIP = NO;
				DEBUG_INFORMATION_FORMAT = dwarf;
				ENABLE_STRICT_OBJC_MSGSEND = YES;
				ENABLE_TESTABILITY = YES;
				GCC_C_LANGUAGE_STANDARD = gnu99;
				GCC_DYNAMIC_NO_PIC = NO;
				GCC_NO_COMMON_BLOCKS = YES;
				GCC_OPTIMIZATION_LEVEL = 0;
				GCC_PREPROCESSOR_DEFINITIONS = (
					"DEBUG=1",
					"$(inherited)",
				);
				GCC_WARN_64_TO_32_BIT_CONVERSION = YES;
				GCC_WARN_ABOUT_RETURN_TYPE = YES_ERROR;
				GCC_WARN_UNDECLARED_SELECTOR = YES;
				GCC_WARN_UNINITIALIZED_AUTOS = YES_AGGRESSIVE;
				GCC_WARN_UNUSED_FUNCTION = YES;
				GCC_WARN_UNUSED_VARIABLE = YES;
				IPHONEOS_DEPLOYMENT_TARGET = 9.1;
				MTL_ENABLE_DEBUG_INFO = YES;
				ONLY_ACTIVE_ARCH = YES;
				SDKROOT = iphoneos;
				SWIFT_OPTIMIZATION_LEVEL = "-Onone";
			};
			name = Debug;
		};
		F0B32E1C1BDF23F600DDC20F /* Release */ = {
			isa = XCBuildConfiguration;
			buildSettings = {
				ALWAYS_SEARCH_USER_PATHS = NO;
				CLANG_CXX_LANGUAGE_STANDARD = "gnu++0x";
				CLANG_CXX_LIBRARY = "libc++";
				CLANG_ENABLE_MODULES = YES;
				CLANG_ENABLE_OBJC_ARC = YES;
				CLANG_WARN_BOOL_CONVERSION = YES;
				CLANG_WARN_CONSTANT_CONVERSION = YES;
				CLANG_WARN_DIRECT_OBJC_ISA_USAGE = YES_ERROR;
				CLANG_WARN_EMPTY_BODY = YES;
				CLANG_WARN_ENUM_CONVERSION = YES;
				CLANG_WARN_INT_CONVERSION = YES;
				CLANG_WARN_OBJC_ROOT_CLASS = YES_ERROR;
				CLANG_WARN_UNREACHABLE_CODE = YES;
				CLANG_WARN__DUPLICATE_METHOD_MATCH = YES;
				"CODE_SIGN_IDENTITY[sdk=iphoneos*]" = "iPhone Developer";
				COPY_PHASE_STRIP = NO;
				DEBUG_INFORMATION_FORMAT = "dwarf-with-dsym";
				ENABLE_NS_ASSERTIONS = NO;
				ENABLE_STRICT_OBJC_MSGSEND = YES;
				GCC_C_LANGUAGE_STANDARD = gnu99;
				GCC_NO_COMMON_BLOCKS = YES;
				GCC_WARN_64_TO_32_BIT_CONVERSION = YES;
				GCC_WARN_ABOUT_RETURN_TYPE = YES_ERROR;
				GCC_WARN_UNDECLARED_SELECTOR = YES;
				GCC_WARN_UNINITIALIZED_AUTOS = YES_AGGRESSIVE;
				GCC_WARN_UNUSED_FUNCTION = YES;
				GCC_WARN_UNUSED_VARIABLE = YES;
				IPHONEOS_DEPLOYMENT_TARGET = 9.1;
				MTL_ENABLE_DEBUG_INFO = NO;
				SDKROOT = iphoneos;
				VALIDATE_PRODUCT = YES;
			};
			name = Release;
		};
		F0B32E1E1BDF23F600DDC20F /* Debug */ = {
			isa = XCBuildConfiguration;
			buildSettings = {
				ASSETCATALOG_COMPILER_APPICON_NAME = AppIcon;
				INFOPLIST_FILE = finalProduct_hw2/Info.plist;
				LD_RUNPATH_SEARCH_PATHS = "$(inherited) @executable_path/Frameworks";
				PRODUCT_BUNDLE_IDENTIFIER = "Tommy-Hart.finalProduct-hw2";
				PRODUCT_NAME = "$(TARGET_NAME)";
			};
			name = Debug;
		};
		F0B32E1F1BDF23F600DDC20F /* Release */ = {
			isa = XCBuildConfiguration;
			buildSettings = {
				ASSETCATALOG_COMPILER_APPICON_NAME = AppIcon;
				INFOPLIST_FILE = finalProduct_hw2/Info.plist;
				LD_RUNPATH_SEARCH_PATHS = "$(inherited) @executable_path/Frameworks";
				PRODUCT_BUNDLE_IDENTIFIER = "Tommy-Hart.finalProduct-hw2";
				PRODUCT_NAME = "$(TARGET_NAME)";
			};
			name = Release;
		};
		F0B32E211BDF23F600DDC20F /* Debug */ = {
			isa = XCBuildConfiguration;
			buildSettings = {
				BUNDLE_LOADER = "$(TEST_HOST)";
				INFOPLIST_FILE = finalProduct_hw2Tests/Info.plist;
				LD_RUNPATH_SEARCH_PATHS = "$(inherited) @executable_path/Frameworks @loader_path/Frameworks";
				PRODUCT_BUNDLE_IDENTIFIER = "Tommy-Hart.finalProduct-hw2Tests";
				PRODUCT_NAME = "$(TARGET_NAME)";
				TEST_HOST = "$(BUILT_PRODUCTS_DIR)/finalProduct_hw2.app/finalProduct_hw2";
			};
			name = Debug;
		};
		F0B32E221BDF23F600DDC20F /* Release */ = {
			isa = XCBuildConfiguration;
			buildSettings = {
				BUNDLE_LOADER = "$(TEST_HOST)";
				INFOPLIST_FILE = finalProduct_hw2Tests/Info.plist;
				LD_RUNPATH_SEARCH_PATHS = "$(inherited) @executable_path/Frameworks @loader_path/Frameworks";
				PRODUCT_BUNDLE_IDENTIFIER = "Tommy-Hart.finalProduct-hw2Tests";
				PRODUCT_NAME = "$(TARGET_NAME)";
				TEST_HOST = "$(BUILT_PRODUCTS_DIR)/finalProduct_hw2.app/finalProduct_hw2";
			};
			name = Release;
		};
		F0B32E241BDF23F600DDC20F /* Debug */ = {
			isa = XCBuildConfiguration;
			buildSettings = {
				INFOPLIST_FILE = finalProduct_hw2UITests/Info.plist;
				LD_RUNPATH_SEARCH_PATHS = "$(inherited) @executable_path/Frameworks @loader_path/Frameworks";
				PRODUCT_BUNDLE_IDENTIFIER = "Tommy-Hart.finalProduct-hw2UITests";
				PRODUCT_NAME = "$(TARGET_NAME)";
				TEST_TARGET_NAME = finalProduct_hw2;
				USES_XCTRUNNER = YES;
			};
			name = Debug;
		};
		F0B32E251BDF23F600DDC20F /* Release */ = {
			isa = XCBuildConfiguration;
			buildSettings = {
				INFOPLIST_FILE = finalProduct_hw2UITests/Info.plist;
				LD_RUNPATH_SEARCH_PATHS = "$(inherited) @executable_path/Frameworks @loader_path/Frameworks";
				PRODUCT_BUNDLE_IDENTIFIER = "Tommy-Hart.finalProduct-hw2UITests";
				PRODUCT_NAME = "$(TARGET_NAME)";
				TEST_TARGET_NAME = finalProduct_hw2;
				USES_XCTRUNNER = YES;
			};
			name = Release;
		};
/* End XCBuildConfiguration section */

/* Begin XCConfigurationList section */
		F0B32DF01BDF23F600DDC20F /* Build configuration list for PBXProject "finalProduct_hw2" */ = {
			isa = XCConfigurationList;
			buildConfigurations = (
				F0B32E1B1BDF23F600DDC20F /* Debug */,
				F0B32E1C1BDF23F600DDC20F /* Release */,
			);
			defaultConfigurationIsVisible = 0;
			defaultConfigurationName = Release;
		};
		F0B32E1D1BDF23F600DDC20F /* Build configuration list for PBXNativeTarget "finalProduct_hw2" */ = {
			isa = XCConfigurationList;
			buildConfigurations = (
				F0B32E1E1BDF23F600DDC20F /* Debug */,
				F0B32E1F1BDF23F600DDC20F /* Release */,
			);
			defaultConfigurationIsVisible = 0;
		};
		F0B32E201BDF23F600DDC20F /* Build configuration list for PBXNativeTarget "finalProduct_hw2Tests" */ = {
			isa = XCConfigurationList;
			buildConfigurations = (
				F0B32E211BDF23F600DDC20F /* Debug */,
				F0B32E221BDF23F600DDC20F /* Release */,
			);
			defaultConfigurationIsVisible = 0;
		};
		F0B32E231BDF23F600DDC20F /* Build configuration list for PBXNativeTarget "finalProduct_hw2UITests" */ = {
			isa = XCConfigurationList;
			buildConfigurations = (
				F0B32E241BDF23F600DDC20F /* Debug */,
				F0B32E251BDF23F600DDC20F /* Release */,
			);
			defaultConfigurationIsVisible = 0;
		};
/* End XCConfigurationList section */
	};
	rootObject = F0B32DED1BDF23F600DDC20F /* Project object */;
}
